{
  "name": "announcer",
  "version": "1.0.0",
  "lockfileVersion": 2,
  "requires": true,
  "packages": {
    "": {
      "name": "announcer",
      "version": "1.0.0",
      "license": "GPL-3.0-only",
      "dependencies": {
        "@xmldom/xmldom": "^0.8.10",
        "microsoft-cognitiveservices-speech-sdk": "^1.32.0",
        "tsx": "^4.19.2",
        "web-audio-engine": "^0.13.4"
      },
      "devDependencies": {
        "@types/node": "^18.16.0"
      }
    },
    "node_modules/@esbuild/aix-ppc64": {
      "version": "0.23.1",
      "resolved": "https://registry.npmjs.org/@esbuild/aix-ppc64/-/aix-ppc64-0.23.1.tgz",
      "integrity": "sha512-6VhYk1diRqrhBAqpJEdjASR/+WVRtfjpqKuNw11cLiaWpAT/Uu+nokB+UJnevzy/P9C/ty6AOe0dwueMrGh/iQ==",
      "cpu": [
        "ppc64"
      ],
      "optional": true,
      "os": [
        "aix"
      ],
      "engines": {
        "node": ">=18"
      }
    },
    "node_modules/@esbuild/android-arm": {
      "version": "0.23.1",
      "resolved": "https://registry.npmjs.org/@esbuild/android-arm/-/android-arm-0.23.1.tgz",
      "integrity": "sha512-uz6/tEy2IFm9RYOyvKl88zdzZfwEfKZmnX9Cj1BHjeSGNuGLuMD1kR8y5bteYmwqKm1tj8m4cb/aKEorr6fHWQ==",
      "cpu": [
        "arm"
      ],
      "optional": true,
      "os": [
        "android"
      ],
      "engines": {
        "node": ">=18"
      }
    },
    "node_modules/@esbuild/android-arm64": {
      "version": "0.23.1",
      "resolved": "https://registry.npmjs.org/@esbuild/android-arm64/-/android-arm64-0.23.1.tgz",
      "integrity": "sha512-xw50ipykXcLstLeWH7WRdQuysJqejuAGPd30vd1i5zSyKK3WE+ijzHmLKxdiCMtH1pHz78rOg0BKSYOSB/2Khw==",
      "cpu": [
        "arm64"
      ],
      "optional": true,
      "os": [
        "android"
      ],
      "engines": {
        "node": ">=18"
      }
    },
    "node_modules/@esbuild/android-x64": {
      "version": "0.23.1",
      "resolved": "https://registry.npmjs.org/@esbuild/android-x64/-/android-x64-0.23.1.tgz",
      "integrity": "sha512-nlN9B69St9BwUoB+jkyU090bru8L0NA3yFvAd7k8dNsVH8bi9a8cUAUSEcEEgTp2z3dbEDGJGfP6VUnkQnlReg==",
      "cpu": [
        "x64"
      ],
      "optional": true,
      "os": [
        "android"
      ],
      "engines": {
        "node": ">=18"
      }
    },
    "node_modules/@esbuild/darwin-arm64": {
      "version": "0.23.1",
      "resolved": "https://registry.npmjs.org/@esbuild/darwin-arm64/-/darwin-arm64-0.23.1.tgz",
      "integrity": "sha512-YsS2e3Wtgnw7Wq53XXBLcV6JhRsEq8hkfg91ESVadIrzr9wO6jJDMZnCQbHm1Guc5t/CdDiFSSfWP58FNuvT3Q==",
      "cpu": [
        "arm64"
      ],
      "optional": true,
      "os": [
        "darwin"
      ],
      "engines": {
        "node": ">=18"
      }
    },
    "node_modules/@esbuild/darwin-x64": {
      "version": "0.23.1",
      "resolved": "https://registry.npmjs.org/@esbuild/darwin-x64/-/darwin-x64-0.23.1.tgz",
      "integrity": "sha512-aClqdgTDVPSEGgoCS8QDG37Gu8yc9lTHNAQlsztQ6ENetKEO//b8y31MMu2ZaPbn4kVsIABzVLXYLhCGekGDqw==",
      "cpu": [
        "x64"
      ],
      "optional": true,
      "os": [
        "darwin"
      ],
      "engines": {
        "node": ">=18"
      }
    },
    "node_modules/@esbuild/freebsd-arm64": {
      "version": "0.23.1",
      "resolved": "https://registry.npmjs.org/@esbuild/freebsd-arm64/-/freebsd-arm64-0.23.1.tgz",
      "integrity": "sha512-h1k6yS8/pN/NHlMl5+v4XPfikhJulk4G+tKGFIOwURBSFzE8bixw1ebjluLOjfwtLqY0kewfjLSrO6tN2MgIhA==",
      "cpu": [
        "arm64"
      ],
      "optional": true,
      "os": [
        "freebsd"
      ],
      "engines": {
        "node": ">=18"
      }
    },
    "node_modules/@esbuild/freebsd-x64": {
      "version": "0.23.1",
      "resolved": "https://registry.npmjs.org/@esbuild/freebsd-x64/-/freebsd-x64-0.23.1.tgz",
      "integrity": "sha512-lK1eJeyk1ZX8UklqFd/3A60UuZ/6UVfGT2LuGo3Wp4/z7eRTRYY+0xOu2kpClP+vMTi9wKOfXi2vjUpO1Ro76g==",
      "cpu": [
        "x64"
      ],
      "optional": true,
      "os": [
        "freebsd"
      ],
      "engines": {
        "node": ">=18"
      }
    },
    "node_modules/@esbuild/linux-arm": {
      "version": "0.23.1",
      "resolved": "https://registry.npmjs.org/@esbuild/linux-arm/-/linux-arm-0.23.1.tgz",
      "integrity": "sha512-CXXkzgn+dXAPs3WBwE+Kvnrf4WECwBdfjfeYHpMeVxWE0EceB6vhWGShs6wi0IYEqMSIzdOF1XjQ/Mkm5d7ZdQ==",
      "cpu": [
        "arm"
      ],
      "optional": true,
      "os": [
        "linux"
      ],
      "engines": {
        "node": ">=18"
      }
    },
    "node_modules/@esbuild/linux-arm64": {
      "version": "0.23.1",
      "resolved": "https://registry.npmjs.org/@esbuild/linux-arm64/-/linux-arm64-0.23.1.tgz",
      "integrity": "sha512-/93bf2yxencYDnItMYV/v116zff6UyTjo4EtEQjUBeGiVpMmffDNUyD9UN2zV+V3LRV3/on4xdZ26NKzn6754g==",
      "cpu": [
        "arm64"
      ],
      "optional": true,
      "os": [
        "linux"
      ],
      "engines": {
        "node": ">=18"
      }
    },
    "node_modules/@esbuild/linux-ia32": {
      "version": "0.23.1",
      "resolved": "https://registry.npmjs.org/@esbuild/linux-ia32/-/linux-ia32-0.23.1.tgz",
      "integrity": "sha512-VTN4EuOHwXEkXzX5nTvVY4s7E/Krz7COC8xkftbbKRYAl96vPiUssGkeMELQMOnLOJ8k3BY1+ZY52tttZnHcXQ==",
      "cpu": [
        "ia32"
      ],
      "optional": true,
      "os": [
        "linux"
      ],
      "engines": {
        "node": ">=18"
      }
    },
    "node_modules/@esbuild/linux-loong64": {
      "version": "0.23.1",
      "resolved": "https://registry.npmjs.org/@esbuild/linux-loong64/-/linux-loong64-0.23.1.tgz",
      "integrity": "sha512-Vx09LzEoBa5zDnieH8LSMRToj7ir/Jeq0Gu6qJ/1GcBq9GkfoEAoXvLiW1U9J1qE/Y/Oyaq33w5p2ZWrNNHNEw==",
      "cpu": [
        "loong64"
      ],
      "optional": true,
      "os": [
        "linux"
      ],
      "engines": {
        "node": ">=18"
      }
    },
    "node_modules/@esbuild/linux-mips64el": {
      "version": "0.23.1",
      "resolved": "https://registry.npmjs.org/@esbuild/linux-mips64el/-/linux-mips64el-0.23.1.tgz",
      "integrity": "sha512-nrFzzMQ7W4WRLNUOU5dlWAqa6yVeI0P78WKGUo7lg2HShq/yx+UYkeNSE0SSfSure0SqgnsxPvmAUu/vu0E+3Q==",
      "cpu": [
        "mips64el"
      ],
      "optional": true,
      "os": [
        "linux"
      ],
      "engines": {
        "node": ">=18"
      }
    },
    "node_modules/@esbuild/linux-ppc64": {
      "version": "0.23.1",
      "resolved": "https://registry.npmjs.org/@esbuild/linux-ppc64/-/linux-ppc64-0.23.1.tgz",
      "integrity": "sha512-dKN8fgVqd0vUIjxuJI6P/9SSSe/mB9rvA98CSH2sJnlZ/OCZWO1DJvxj8jvKTfYUdGfcq2dDxoKaC6bHuTlgcw==",
      "cpu": [
        "ppc64"
      ],
      "optional": true,
      "os": [
        "linux"
      ],
      "engines": {
        "node": ">=18"
      }
    },
    "node_modules/@esbuild/linux-riscv64": {
      "version": "0.23.1",
      "resolved": "https://registry.npmjs.org/@esbuild/linux-riscv64/-/linux-riscv64-0.23.1.tgz",
      "integrity": "sha512-5AV4Pzp80fhHL83JM6LoA6pTQVWgB1HovMBsLQ9OZWLDqVY8MVobBXNSmAJi//Csh6tcY7e7Lny2Hg1tElMjIA==",
      "cpu": [
        "riscv64"
      ],
      "optional": true,
      "os": [
        "linux"
      ],
      "engines": {
        "node": ">=18"
      }
    },
    "node_modules/@esbuild/linux-s390x": {
      "version": "0.23.1",
      "resolved": "https://registry.npmjs.org/@esbuild/linux-s390x/-/linux-s390x-0.23.1.tgz",
      "integrity": "sha512-9ygs73tuFCe6f6m/Tb+9LtYxWR4c9yg7zjt2cYkjDbDpV/xVn+68cQxMXCjUpYwEkze2RcU/rMnfIXNRFmSoDw==",
      "cpu": [
        "s390x"
      ],
      "optional": true,
      "os": [
        "linux"
      ],
      "engines": {
        "node": ">=18"
      }
    },
    "node_modules/@esbuild/linux-x64": {
      "version": "0.23.1",
      "resolved": "https://registry.npmjs.org/@esbuild/linux-x64/-/linux-x64-0.23.1.tgz",
      "integrity": "sha512-EV6+ovTsEXCPAp58g2dD68LxoP/wK5pRvgy0J/HxPGB009omFPv3Yet0HiaqvrIrgPTBuC6wCH1LTOY91EO5hQ==",
      "cpu": [
        "x64"
      ],
      "optional": true,
      "os": [
        "linux"
      ],
      "engines": {
        "node": ">=18"
      }
    },
    "node_modules/@esbuild/netbsd-x64": {
      "version": "0.23.1",
      "resolved": "https://registry.npmjs.org/@esbuild/netbsd-x64/-/netbsd-x64-0.23.1.tgz",
      "integrity": "sha512-aevEkCNu7KlPRpYLjwmdcuNz6bDFiE7Z8XC4CPqExjTvrHugh28QzUXVOZtiYghciKUacNktqxdpymplil1beA==",
      "cpu": [
        "x64"
      ],
      "optional": true,
      "os": [
        "netbsd"
      ],
      "engines": {
        "node": ">=18"
      }
    },
    "node_modules/@esbuild/openbsd-arm64": {
      "version": "0.23.1",
      "resolved": "https://registry.npmjs.org/@esbuild/openbsd-arm64/-/openbsd-arm64-0.23.1.tgz",
      "integrity": "sha512-3x37szhLexNA4bXhLrCC/LImN/YtWis6WXr1VESlfVtVeoFJBRINPJ3f0a/6LV8zpikqoUg4hyXw0sFBt5Cr+Q==",
      "cpu": [
        "arm64"
      ],
      "optional": true,
      "os": [
        "openbsd"
      ],
      "engines": {
        "node": ">=18"
      }
    },
    "node_modules/@esbuild/openbsd-x64": {
      "version": "0.23.1",
      "resolved": "https://registry.npmjs.org/@esbuild/openbsd-x64/-/openbsd-x64-0.23.1.tgz",
      "integrity": "sha512-aY2gMmKmPhxfU+0EdnN+XNtGbjfQgwZj43k8G3fyrDM/UdZww6xrWxmDkuz2eCZchqVeABjV5BpildOrUbBTqA==",
      "cpu": [
        "x64"
      ],
      "optional": true,
      "os": [
        "openbsd"
      ],
      "engines": {
        "node": ">=18"
      }
    },
    "node_modules/@esbuild/sunos-x64": {
      "version": "0.23.1",
      "resolved": "https://registry.npmjs.org/@esbuild/sunos-x64/-/sunos-x64-0.23.1.tgz",
      "integrity": "sha512-RBRT2gqEl0IKQABT4XTj78tpk9v7ehp+mazn2HbUeZl1YMdaGAQqhapjGTCe7uw7y0frDi4gS0uHzhvpFuI1sA==",
      "cpu": [
        "x64"
      ],
      "optional": true,
      "os": [
        "sunos"
      ],
      "engines": {
        "node": ">=18"
      }
    },
    "node_modules/@esbuild/win32-arm64": {
      "version": "0.23.1",
      "resolved": "https://registry.npmjs.org/@esbuild/win32-arm64/-/win32-arm64-0.23.1.tgz",
      "integrity": "sha512-4O+gPR5rEBe2FpKOVyiJ7wNDPA8nGzDuJ6gN4okSA1gEOYZ67N8JPk58tkWtdtPeLz7lBnY6I5L3jdsr3S+A6A==",
      "cpu": [
        "arm64"
      ],
      "optional": true,
      "os": [
        "win32"
      ],
      "engines": {
        "node": ">=18"
      }
    },
    "node_modules/@esbuild/win32-ia32": {
      "version": "0.23.1",
      "resolved": "https://registry.npmjs.org/@esbuild/win32-ia32/-/win32-ia32-0.23.1.tgz",
      "integrity": "sha512-BcaL0Vn6QwCwre3Y717nVHZbAa4UBEigzFm6VdsVdT/MbZ38xoj1X9HPkZhbmaBGUD1W8vxAfffbDe8bA6AKnQ==",
      "cpu": [
        "ia32"
      ],
      "optional": true,
      "os": [
        "win32"
      ],
      "engines": {
        "node": ">=18"
      }
    },
    "node_modules/@esbuild/win32-x64": {
      "version": "0.23.1",
      "resolved": "https://registry.npmjs.org/@esbuild/win32-x64/-/win32-x64-0.23.1.tgz",
      "integrity": "sha512-BHpFFeslkWrXWyUPnbKm+xYYVYruCinGcftSBaa8zoF9hZO4BcSCFUvHVTtzpIY6YzUnYtuEhZ+C9iEXjxnasg==",
      "cpu": [
        "x64"
      ],
      "optional": true,
      "os": [
        "win32"
      ],
      "engines": {
        "node": ">=18"
      }
    },
    "node_modules/@types/node": {
      "version": "18.17.15",
      "resolved": "https://registry.npmjs.org/@types/node/-/node-18.17.15.tgz",
      "integrity": "sha512-2yrWpBk32tvV/JAd3HNHWuZn/VDN1P+72hWirHnvsvTGSqbANi+kSeuQR9yAHnbvaBvHDsoTdXV0Fe+iRtHLKA==",
      "dev": true
    },
    "node_modules/@xmldom/xmldom": {
      "version": "0.8.10",
      "resolved": "https://registry.npmjs.org/@xmldom/xmldom/-/xmldom-0.8.10.tgz",
      "integrity": "sha512-2WALfTl4xo2SkGCYRt6rDTFfk9R1czmBvUQy12gK2KuRKIpWEhcbbzy8EZXtz/jkRqHX8bFEc6FC1HjX4TUWYw==",
      "engines": {
        "node": ">=10.0.0"
      }
    },
    "node_modules/agent-base": {
      "version": "6.0.2",
      "resolved": "https://registry.npmjs.org/agent-base/-/agent-base-6.0.2.tgz",
      "integrity": "sha512-RZNwNclF7+MS/8bDg70amg32dyeZGZxiDuQmZxKLAlQjr3jGyLx+4Kkk58UO7D2QdgFIQCovuSuZESne6RG6XQ==",
      "dependencies": {
        "debug": "4"
      },
      "engines": {
        "node": ">= 6.0.0"
      }
    },
    "node_modules/audio-type": {
      "version": "1.0.2",
      "resolved": "https://registry.npmjs.org/audio-type/-/audio-type-1.0.2.tgz",
      "integrity": "sha512-vEbOFc2+he+/b5tLmnBINnHUYb3GDzW5tNPa9DHdyKdyLxO0w3V1Dtr9wjLswPXByCCt9uTRu6IzHZ/J/Om4uw==",
      "dependencies": {
        "is-flac": "^1.1.0",
        "is-m4a": "^1.1.0",
        "is-mp3": "^1.1.0",
        "is-ogg": "^1.1.0",
        "is-wav": "^1.1.0",
        "read-chunk": "^2.0.0"
      },
      "bin": {
        "audio-type": "cli.js"
      },
      "engines": {
        "node": ">=4"
      }
    },
    "node_modules/bent": {
      "version": "7.3.12",
      "resolved": "https://registry.npmjs.org/bent/-/bent-7.3.12.tgz",
      "integrity": "sha512-T3yrKnVGB63zRuoco/7Ybl7BwwGZR0lceoVG5XmQyMIH9s19SV5m+a8qam4if0zQuAmOQTyPTPmsQBdAorGK3w==",
      "dependencies": {
        "bytesish": "^0.4.1",
        "caseless": "~0.12.0",
        "is-stream": "^2.0.0"
      }
    },
    "node_modules/biquad-coeffs-webaudio": {
      "version": "1.2.0",
      "resolved": "https://registry.npmjs.org/biquad-coeffs-webaudio/-/biquad-coeffs-webaudio-1.2.0.tgz",
      "integrity": "sha512-wLvCRy6dt5/KJBiViyzqFn2zf/mQnXvSfUbAXnD1U2sC+AG3AQY29N3dHJgnoDBytQMcjkuYguV/90m0BTcUOg==",
      "dependencies": {
        "biquad-coeffs-webaudio-v2": "^1.2.0"
      }
    },
    "node_modules/biquad-coeffs-webaudio-v1": {
      "version": "1.2.0",
      "resolved": "https://registry.npmjs.org/biquad-coeffs-webaudio-v1/-/biquad-coeffs-webaudio-v1-1.2.0.tgz",
      "integrity": "sha512-ozb34pekehZ8XmQFv4se+osI4GZYICOxkjgfD3YG0uxfvWmbZp4FSInNBZfTDTam7Sd3Chq2exlqasX+df14Tg=="
    },
    "node_modules/biquad-coeffs-webaudio-v2": {
      "version": "1.2.0",
      "resolved": "https://registry.npmjs.org/biquad-coeffs-webaudio-v2/-/biquad-coeffs-webaudio-v2-1.2.0.tgz",
      "integrity": "sha512-xdK2tWv6AKab8sqnCgFBleJaxOHpW1HeY2tManUU2bpYYJFE2xhNHVVmKhroXZq2lfy7rjNNJOHK4Gm2y7LgIQ==",
      "dependencies": {
        "biquad-coeffs-webaudio-v1": "^1.2.0"
      }
    },
    "node_modules/bytesish": {
      "version": "0.4.4",
      "resolved": "https://registry.npmjs.org/bytesish/-/bytesish-0.4.4.tgz",
      "integrity": "sha512-i4uu6M4zuMUiyfZN4RU2+i9+peJh//pXhd9x1oSe1LBkZ3LEbCoygu8W0bXTukU1Jme2txKuotpCZRaC3FLxcQ=="
    },
    "node_modules/caseless": {
      "version": "0.12.0",
      "resolved": "https://registry.npmjs.org/caseless/-/caseless-0.12.0.tgz",
      "integrity": "sha512-4tYFyifaFfGacoiObjJegolkwSU4xQNGbVgUiNYVUxbQ2x2lUsFvY4hVgVzGiIe6WLOPqycWXA40l+PWsxthUw=="
    },
    "node_modules/debug": {
      "version": "4.3.4",
      "resolved": "https://registry.npmjs.org/debug/-/debug-4.3.4.tgz",
      "integrity": "sha512-PRWFHuSU3eDtQJPvnNY7Jcket1j0t5OuOsFzPPzsekD52Zl8qUfFIPEiswXqIvHWGVHOgX+7G/vCNNhehwxfkQ==",
      "dependencies": {
        "ms": "2.1.2"
      },
      "engines": {
        "node": ">=6.0"
      },
      "peerDependenciesMeta": {
        "supports-color": {
          "optional": true
        }
      }
    },
    "node_modules/esbuild": {
      "version": "0.23.1",
      "resolved": "https://registry.npmjs.org/esbuild/-/esbuild-0.23.1.tgz",
      "integrity": "sha512-VVNz/9Sa0bs5SELtn3f7qhJCDPCF5oMEl5cO9/SSinpE9hbPVvxbd572HH5AKiP7WD8INO53GgfDDhRjkylHEg==",
      "hasInstallScript": true,
      "bin": {
        "esbuild": "bin/esbuild"
      },
      "engines": {
        "node": ">=18"
      },
      "optionalDependencies": {
        "@esbuild/aix-ppc64": "0.23.1",
        "@esbuild/android-arm": "0.23.1",
        "@esbuild/android-arm64": "0.23.1",
        "@esbuild/android-x64": "0.23.1",
        "@esbuild/darwin-arm64": "0.23.1",
        "@esbuild/darwin-x64": "0.23.1",
        "@esbuild/freebsd-arm64": "0.23.1",
        "@esbuild/freebsd-x64": "0.23.1",
        "@esbuild/linux-arm": "0.23.1",
        "@esbuild/linux-arm64": "0.23.1",
        "@esbuild/linux-ia32": "0.23.1",
        "@esbuild/linux-loong64": "0.23.1",
        "@esbuild/linux-mips64el": "0.23.1",
        "@esbuild/linux-ppc64": "0.23.1",
        "@esbuild/linux-riscv64": "0.23.1",
        "@esbuild/linux-s390x": "0.23.1",
        "@esbuild/linux-x64": "0.23.1",
        "@esbuild/netbsd-x64": "0.23.1",
        "@esbuild/openbsd-arm64": "0.23.1",
        "@esbuild/openbsd-x64": "0.23.1",
        "@esbuild/sunos-x64": "0.23.1",
        "@esbuild/win32-arm64": "0.23.1",
        "@esbuild/win32-ia32": "0.23.1",
        "@esbuild/win32-x64": "0.23.1"
      }
    },
    "node_modules/fourier-transform": {
      "version": "1.1.2",
      "resolved": "https://registry.npmjs.org/fourier-transform/-/fourier-transform-1.1.2.tgz",
      "integrity": "sha512-TjdHddt7Wul3RXvm3O5euI64aAzUPhE1rqzuAFsIu7Puyny6CNLgL8bbKtYoIK71HSF90o+9WjUmRsXmYGYD0Q=="
    },
    "node_modules/fsevents": {
      "version": "2.3.3",
      "resolved": "https://registry.npmjs.org/fsevents/-/fsevents-2.3.3.tgz",
      "integrity": "sha512-5xoDfX+fL7faATnagmWPpbFtwh/R77WmMMqqHGS65C3vvB0YHrgF+B1YmZ3441tMj5n63k0212XNoJwzlhffQw==",
      "hasInstallScript": true,
      "optional": true,
      "os": [
        "darwin"
      ],
      "engines": {
        "node": "^8.16.0 || ^10.6.0 || >=11.0.0"
      }
    },
    "node_modules/get-tsconfig": {
      "version": "4.8.1",
      "resolved": "https://registry.npmjs.org/get-tsconfig/-/get-tsconfig-4.8.1.tgz",
      "integrity": "sha512-k9PN+cFBmaLWtVz29SkUoqU5O0slLuHJXt/2P+tMVFT+phsSGXGkp9t3rQIqdz0e+06EHNGs3oM6ZX1s2zHxRg==",
      "dependencies": {
        "resolve-pkg-maps": "^1.0.0"
      },
      "funding": {
        "url": "https://github.com/privatenumber/get-tsconfig?sponsor=1"
      }
    },
    "node_modules/https-proxy-agent": {
      "version": "4.0.0",
      "resolved": "https://registry.npmjs.org/https-proxy-agent/-/https-proxy-agent-4.0.0.tgz",
      "integrity": "sha512-zoDhWrkR3of1l9QAL8/scJZyLu8j/gBkcwcaQOZh7Gyh/+uJQzGVETdgT30akuwkpL8HTRfssqI3BZuV18teDg==",
      "dependencies": {
        "agent-base": "5",
        "debug": "4"
      },
      "engines": {
        "node": ">= 6.0.0"
      }
    },
    "node_modules/https-proxy-agent/node_modules/agent-base": {
      "version": "5.1.1",
      "resolved": "https://registry.npmjs.org/agent-base/-/agent-base-5.1.1.tgz",
      "integrity": "sha512-TMeqbNl2fMW0nMjTEPOwe3J/PRFP4vqeoNuQMG0HlMrtm5QxKqdvAkZ1pRBQ/ulIyDD5Yq0nJ7YbdD8ey0TO3g==",
      "engines": {
        "node": ">= 6.0.0"
      }
    },
    "node_modules/is-flac": {
      "version": "1.1.2",
      "resolved": "https://registry.npmjs.org/is-flac/-/is-flac-1.1.2.tgz",
      "integrity": "sha512-bMCyh610qy9IAHHHxqMskwTbTHipJLRdcjrNkQjlwMJgAiA5DyVkBXF545xX+n/PFdlmUtG/2wAEV4WmdiJyrQ==",
      "engines": {
        "node": ">=4"
      }
    },
    "node_modules/is-m4a": {
      "version": "1.1.0",
      "resolved": "https://registry.npmjs.org/is-m4a/-/is-m4a-1.1.0.tgz",
      "integrity": "sha512-8LPSOaBA4OvJYlxVUMKGckZeoJxd0VhTqkb7noLdbcwGJCaYce6KC4GFTcK8H1rmUeXcLcH2ywODpVLJSIbLtg==",
      "engines": {
        "node": ">=0.10.0"
      }
    },
    "node_modules/is-mp3": {
      "version": "1.1.3",
      "resolved": "https://registry.npmjs.org/is-mp3/-/is-mp3-1.1.3.tgz",
      "integrity": "sha512-s9jAf4qmxd8MCOE0BRLzs9uZMM+hWWkIHBkPFOLU5NPT0ooCOaINRQ8ePBKWsfh1jOZr7Y7zFXpWxtIKaJhn4w==",
      "engines": {
        "node": ">=4"
      }
    },
    "node_modules/is-ogg": {
      "version": "1.1.2",
      "resolved": "https://registry.npmjs.org/is-ogg/-/is-ogg-1.1.2.tgz",
      "integrity": "sha512-5xNx56wkCD/WtIq2Ykzw6UhwtAEMT1+3II61wMEKgHjkCcEraCfOJi/XaOZWXMXVO+cvdhAHHBCaJHgx5xLagg==",
      "engines": {
        "node": ">=4"
      }
    },
    "node_modules/is-stream": {
      "version": "2.0.1",
      "resolved": "https://registry.npmjs.org/is-stream/-/is-stream-2.0.1.tgz",
      "integrity": "sha512-hFoiJiTl63nn+kstHGBtewWSKnQLpyb155KHheA1l39uvtO9nWIop1p3udqPcUd/xbF1VLMO4n7OI6p7RbngDg==",
      "engines": {
        "node": ">=8"
      },
      "funding": {
        "url": "https://github.com/sponsors/sindresorhus"
      }
    },
    "node_modules/is-wav": {
      "version": "1.1.2",
      "resolved": "https://registry.npmjs.org/is-wav/-/is-wav-1.1.2.tgz",
      "integrity": "sha512-gLOkWlnwd//lRpIhe2u3Ow3mMls/4DIvoLuXwfxpOd/JBuql099f0ZTxwxqHn9Lz+ZG+7ZIMKPyIKG3D7Fot7A==",
      "engines": {
        "node": ">=4"
      }
    },
    "node_modules/microsoft-cognitiveservices-speech-sdk": {
      "version": "1.32.0",
      "resolved": "https://registry.npmjs.org/microsoft-cognitiveservices-speech-sdk/-/microsoft-cognitiveservices-speech-sdk-1.32.0.tgz",
      "integrity": "sha512-TQqCIytCvW7x8MB2UT8DfyZkIjO34CSpy0zYlbQChkYWrYNzGgMIAA3uTGuYGj8hb0xMQBwRfqyAc5sA2VRgjQ==",
      "dependencies": {
        "agent-base": "^6.0.1",
        "bent": "^7.3.12",
        "https-proxy-agent": "^4.0.0",
        "uuid": "^9.0.0",
        "ws": "^7.5.6"
      }
    },
    "node_modules/ms": {
      "version": "2.1.2",
      "resolved": "https://registry.npmjs.org/ms/-/ms-2.1.2.tgz",
      "integrity": "sha512-sGkPx+VjMtmA6MX27oA4FBFELFCZZ4S4XqeGOXCv68tT+jb3vk/RyaKWP0PTKyWtmLSM0b+adUTEvbs1PEaH2w=="
    },
    "node_modules/nmap": {
      "version": "1.1.0",
      "resolved": "https://registry.npmjs.org/nmap/-/nmap-1.1.0.tgz",
      "integrity": "sha512-Mczjm9cSruux65U7fh6mWiSEpfmqVZFY5M4zGXz5VBI9tSFqrdLSqegeqC/IiUDh8mbC8JUF948bJz1VogdVyQ=="
    },
    "node_modules/pify": {
      "version": "3.0.0",
      "resolved": "https://registry.npmjs.org/pify/-/pify-3.0.0.tgz",
      "integrity": "sha512-C3FsVNH1udSEX48gGX1xfvwTWfsYWj5U+8/uK15BGzIGrKoUpghX8hWZwa/OFnakBiiVNmBvemTJR5mcy7iPcg==",
      "engines": {
        "node": ">=4"
      }
    },
    "node_modules/read-chunk": {
      "version": "2.1.0",
      "resolved": "https://registry.npmjs.org/read-chunk/-/read-chunk-2.1.0.tgz",
      "integrity": "sha512-QQqB2O9KX/BnztP1xkTRsBxABcWHCXTqQYmEm/DdNId1nw+leKkZvV/g5oCKUrXolGtU3zouoIxMLToAYyDgDw==",
      "dependencies": {
        "pify": "^3.0.0",
        "safe-buffer": "^5.1.1"
      },
      "engines": {
        "node": ">=4"
      }
    },
    "node_modules/resolve-pkg-maps": {
      "version": "1.0.0",
      "resolved": "https://registry.npmjs.org/resolve-pkg-maps/-/resolve-pkg-maps-1.0.0.tgz",
      "integrity": "sha512-seS2Tj26TBVOC2NIc2rOe2y2ZO7efxITtLZcGSOnHHNOQ7CkiUBfw0Iw2ck6xkIhPwLhKNLS8BO+hEpngQlqzw==",
      "funding": {
        "url": "https://github.com/privatenumber/resolve-pkg-maps?sponsor=1"
      }
    },
    "node_modules/safe-buffer": {
      "version": "5.2.1",
      "resolved": "https://registry.npmjs.org/safe-buffer/-/safe-buffer-5.2.1.tgz",
      "integrity": "sha512-rp3So07KcdmmKbGvgaNxQSJr7bGVSVk5S9Eq1F+ppbRo70+YeaDxkw5Dd8NPN+GD6bjnYm2VuPuCXmpuYvmCXQ==",
      "funding": [
        {
          "type": "github",
          "url": "https://github.com/sponsors/feross"
        },
        {
          "type": "patreon",
          "url": "https://www.patreon.com/feross"
        },
        {
          "type": "consulting",
          "url": "https://feross.org/support"
        }
      ]
    },
    "node_modules/scijs-window-functions": {
      "version": "2.0.2",
      "resolved": "https://registry.npmjs.org/scijs-window-functions/-/scijs-window-functions-2.0.2.tgz",
      "integrity": "sha512-VpMbP/mqbwOqZgSdkNRQgn/0sPrx0r5yhG99lyenoYFaw45vKN3BmTLNSaTaEV7d7s6s8viSaKR4uhOa+lsbFg==",
      "deprecated": "This package has been renamed 'window-function'. The API is otherwise the same. Please switch."
    },
    "node_modules/tsx": {
      "version": "4.19.2",
      "resolved": "https://registry.npmjs.org/tsx/-/tsx-4.19.2.tgz",
      "integrity": "sha512-pOUl6Vo2LUq/bSa8S5q7b91cgNSjctn9ugq/+Mvow99qW6x/UZYwzxy/3NmqoT66eHYfCVvFvACC58UBPFf28g==",
      "dependencies": {
        "esbuild": "~0.23.0",
        "get-tsconfig": "^4.7.5"
      },
      "bin": {
        "tsx": "dist/cli.mjs"
      },
      "engines": {
        "node": ">=18.0.0"
      },
      "optionalDependencies": {
        "fsevents": "~2.3.3"
      }
    },
    "node_modules/uuid": {
      "version": "9.0.1",
      "resolved": "https://registry.npmjs.org/uuid/-/uuid-9.0.1.tgz",
      "integrity": "sha512-b+1eJOlsR9K8HJpow9Ok3fiWOWSIcIzXodvv0rQjVoOVNpWMpxf1wZNpt4y9h10odCNrqnYp1OBzRktckBe3sA==",
      "funding": [
        "https://github.com/sponsors/broofa",
        "https://github.com/sponsors/ctavan"
      ],
      "bin": {
        "uuid": "dist/bin/uuid"
      }
    },
    "node_modules/wav-decoder": {
      "version": "1.3.0",
      "resolved": "https://registry.npmjs.org/wav-decoder/-/wav-decoder-1.3.0.tgz",
      "integrity": "sha512-4U6O/JNb1dPO90CO2YMTQ5N2plJcntm39vNMvRq9VZ4Vy5FzS7Lnx95N2QcYUyKYcZfCbhI//W3dSHA8YnOQyQ=="
    },
    "node_modules/wav-encoder": {
      "version": "1.3.0",
      "resolved": "https://registry.npmjs.org/wav-encoder/-/wav-encoder-1.3.0.tgz",
      "integrity": "sha512-FXJdEu2qDOI+wbVYZpu21CS1vPEg5NaxNskBr4SaULpOJMrLE6xkH8dECa7PiS+ZoeyvP7GllWUAxPN3AvFSEw=="
    },
    "node_modules/web-audio-engine": {
      "version": "0.13.4",
      "resolved": "https://registry.npmjs.org/web-audio-engine/-/web-audio-engine-0.13.4.tgz",
      "integrity": "sha512-ZglW6UMlHXXzHhHiMjhr6qMT1Jwg9OydRo1lg6T864+SaoPUnJtvD6AW4uWa+Gl++Cw8CkpIk/5Arc5QiKugJA==",
      "dependencies": {
        "audio-type": "^1.0.2",
        "biquad-coeffs-webaudio": "^1.2.0",
        "fourier-transform": "^1.0.2",
        "nmap": "^1.1.0",
        "scijs-window-functions": "^2.0.2",
        "wav-decoder": "^1.1.0",
        "wav-encoder": "^1.1.0"
      },
      "engines": {
        "node": ">= 4.0.0"
      }
    },
    "node_modules/ws": {
      "version": "7.5.9",
      "resolved": "https://registry.npmjs.org/ws/-/ws-7.5.9.tgz",
      "integrity": "sha512-F+P9Jil7UiSKSkppIiD94dN07AwvFixvLIj1Og1Rl9GGMuNipJnV9JzjD6XuqmAeiswGvUmNLjr5cFuXwNS77Q==",
      "engines": {
        "node": ">=8.3.0"
      },
      "peerDependencies": {
        "bufferutil": "^4.0.1",
        "utf-8-validate": "^5.0.2"
      },
      "peerDependenciesMeta": {
        "bufferutil": {
          "optional": true
        },
        "utf-8-validate": {
          "optional": true
        }
      }
    }
  },
  "dependencies": {
    "@esbuild/aix-ppc64": {
      "version": "0.23.1",
      "resolved": "https://registry.npmjs.org/@esbuild/aix-ppc64/-/aix-ppc64-0.23.1.tgz",
      "integrity": "sha512-6VhYk1diRqrhBAqpJEdjASR/+WVRtfjpqKuNw11cLiaWpAT/Uu+nokB+UJnevzy/P9C/ty6AOe0dwueMrGh/iQ==",
      "optional": true
    },
    "@esbuild/android-arm": {
      "version": "0.23.1",
      "resolved": "https://registry.npmjs.org/@esbuild/android-arm/-/android-arm-0.23.1.tgz",
      "integrity": "sha512-uz6/tEy2IFm9RYOyvKl88zdzZfwEfKZmnX9Cj1BHjeSGNuGLuMD1kR8y5bteYmwqKm1tj8m4cb/aKEorr6fHWQ==",
      "optional": true
    },
    "@esbuild/android-arm64": {
      "version": "0.23.1",
      "resolved": "https://registry.npmjs.org/@esbuild/android-arm64/-/android-arm64-0.23.1.tgz",
      "integrity": "sha512-xw50ipykXcLstLeWH7WRdQuysJqejuAGPd30vd1i5zSyKK3WE+ijzHmLKxdiCMtH1pHz78rOg0BKSYOSB/2Khw==",
      "optional": true
    },
    "@esbuild/android-x64": {
      "version": "0.23.1",
      "resolved": "https://registry.npmjs.org/@esbuild/android-x64/-/android-x64-0.23.1.tgz",
      "integrity": "sha512-nlN9B69St9BwUoB+jkyU090bru8L0NA3yFvAd7k8dNsVH8bi9a8cUAUSEcEEgTp2z3dbEDGJGfP6VUnkQnlReg==",
      "optional": true
    },
    "@esbuild/darwin-arm64": {
      "version": "0.23.1",
      "resolved": "https://registry.npmjs.org/@esbuild/darwin-arm64/-/darwin-arm64-0.23.1.tgz",
      "integrity": "sha512-YsS2e3Wtgnw7Wq53XXBLcV6JhRsEq8hkfg91ESVadIrzr9wO6jJDMZnCQbHm1Guc5t/CdDiFSSfWP58FNuvT3Q==",
      "optional": true
    },
    "@esbuild/darwin-x64": {
      "version": "0.23.1",
      "resolved": "https://registry.npmjs.org/@esbuild/darwin-x64/-/darwin-x64-0.23.1.tgz",
      "integrity": "sha512-aClqdgTDVPSEGgoCS8QDG37Gu8yc9lTHNAQlsztQ6ENetKEO//b8y31MMu2ZaPbn4kVsIABzVLXYLhCGekGDqw==",
      "optional": true
    },
    "@esbuild/freebsd-arm64": {
      "version": "0.23.1",
      "resolved": "https://registry.npmjs.org/@esbuild/freebsd-arm64/-/freebsd-arm64-0.23.1.tgz",
      "integrity": "sha512-h1k6yS8/pN/NHlMl5+v4XPfikhJulk4G+tKGFIOwURBSFzE8bixw1ebjluLOjfwtLqY0kewfjLSrO6tN2MgIhA==",
      "optional": true
    },
    "@esbuild/freebsd-x64": {
      "version": "0.23.1",
      "resolved": "https://registry.npmjs.org/@esbuild/freebsd-x64/-/freebsd-x64-0.23.1.tgz",
      "integrity": "sha512-lK1eJeyk1ZX8UklqFd/3A60UuZ/6UVfGT2LuGo3Wp4/z7eRTRYY+0xOu2kpClP+vMTi9wKOfXi2vjUpO1Ro76g==",
      "optional": true
    },
    "@esbuild/linux-arm": {
      "version": "0.23.1",
      "resolved": "https://registry.npmjs.org/@esbuild/linux-arm/-/linux-arm-0.23.1.tgz",
      "integrity": "sha512-CXXkzgn+dXAPs3WBwE+Kvnrf4WECwBdfjfeYHpMeVxWE0EceB6vhWGShs6wi0IYEqMSIzdOF1XjQ/Mkm5d7ZdQ==",
      "optional": true
    },
    "@esbuild/linux-arm64": {
      "version": "0.23.1",
      "resolved": "https://registry.npmjs.org/@esbuild/linux-arm64/-/linux-arm64-0.23.1.tgz",
      "integrity": "sha512-/93bf2yxencYDnItMYV/v116zff6UyTjo4EtEQjUBeGiVpMmffDNUyD9UN2zV+V3LRV3/on4xdZ26NKzn6754g==",
      "optional": true
    },
    "@esbuild/linux-ia32": {
      "version": "0.23.1",
      "resolved": "https://registry.npmjs.org/@esbuild/linux-ia32/-/linux-ia32-0.23.1.tgz",
      "integrity": "sha512-VTN4EuOHwXEkXzX5nTvVY4s7E/Krz7COC8xkftbbKRYAl96vPiUssGkeMELQMOnLOJ8k3BY1+ZY52tttZnHcXQ==",
      "optional": true
    },
    "@esbuild/linux-loong64": {
      "version": "0.23.1",
      "resolved": "https://registry.npmjs.org/@esbuild/linux-loong64/-/linux-loong64-0.23.1.tgz",
      "integrity": "sha512-Vx09LzEoBa5zDnieH8LSMRToj7ir/Jeq0Gu6qJ/1GcBq9GkfoEAoXvLiW1U9J1qE/Y/Oyaq33w5p2ZWrNNHNEw==",
      "optional": true
    },
    "@esbuild/linux-mips64el": {
      "version": "0.23.1",
      "resolved": "https://registry.npmjs.org/@esbuild/linux-mips64el/-/linux-mips64el-0.23.1.tgz",
      "integrity": "sha512-nrFzzMQ7W4WRLNUOU5dlWAqa6yVeI0P78WKGUo7lg2HShq/yx+UYkeNSE0SSfSure0SqgnsxPvmAUu/vu0E+3Q==",
      "optional": true
    },
    "@esbuild/linux-ppc64": {
      "version": "0.23.1",
      "resolved": "https://registry.npmjs.org/@esbuild/linux-ppc64/-/linux-ppc64-0.23.1.tgz",
      "integrity": "sha512-dKN8fgVqd0vUIjxuJI6P/9SSSe/mB9rvA98CSH2sJnlZ/OCZWO1DJvxj8jvKTfYUdGfcq2dDxoKaC6bHuTlgcw==",
      "optional": true
    },
    "@esbuild/linux-riscv64": {
      "version": "0.23.1",
      "resolved": "https://registry.npmjs.org/@esbuild/linux-riscv64/-/linux-riscv64-0.23.1.tgz",
      "integrity": "sha512-5AV4Pzp80fhHL83JM6LoA6pTQVWgB1HovMBsLQ9OZWLDqVY8MVobBXNSmAJi//Csh6tcY7e7Lny2Hg1tElMjIA==",
      "optional": true
    },
    "@esbuild/linux-s390x": {
      "version": "0.23.1",
      "resolved": "https://registry.npmjs.org/@esbuild/linux-s390x/-/linux-s390x-0.23.1.tgz",
      "integrity": "sha512-9ygs73tuFCe6f6m/Tb+9LtYxWR4c9yg7zjt2cYkjDbDpV/xVn+68cQxMXCjUpYwEkze2RcU/rMnfIXNRFmSoDw==",
      "optional": true
    },
    "@esbuild/linux-x64": {
      "version": "0.23.1",
      "resolved": "https://registry.npmjs.org/@esbuild/linux-x64/-/linux-x64-0.23.1.tgz",
      "integrity": "sha512-EV6+ovTsEXCPAp58g2dD68LxoP/wK5pRvgy0J/HxPGB009omFPv3Yet0HiaqvrIrgPTBuC6wCH1LTOY91EO5hQ==",
      "optional": true
    },
    "@esbuild/netbsd-x64": {
      "version": "0.23.1",
      "resolved": "https://registry.npmjs.org/@esbuild/netbsd-x64/-/netbsd-x64-0.23.1.tgz",
      "integrity": "sha512-aevEkCNu7KlPRpYLjwmdcuNz6bDFiE7Z8XC4CPqExjTvrHugh28QzUXVOZtiYghciKUacNktqxdpymplil1beA==",
      "optional": true
    },
    "@esbuild/openbsd-arm64": {
      "version": "0.23.1",
      "resolved": "https://registry.npmjs.org/@esbuild/openbsd-arm64/-/openbsd-arm64-0.23.1.tgz",
      "integrity": "sha512-3x37szhLexNA4bXhLrCC/LImN/YtWis6WXr1VESlfVtVeoFJBRINPJ3f0a/6LV8zpikqoUg4hyXw0sFBt5Cr+Q==",
      "optional": true
    },
    "@esbuild/openbsd-x64": {
      "version": "0.23.1",
      "resolved": "https://registry.npmjs.org/@esbuild/openbsd-x64/-/openbsd-x64-0.23.1.tgz",
      "integrity": "sha512-aY2gMmKmPhxfU+0EdnN+XNtGbjfQgwZj43k8G3fyrDM/UdZww6xrWxmDkuz2eCZchqVeABjV5BpildOrUbBTqA==",
      "optional": true
    },
    "@esbuild/sunos-x64": {
      "version": "0.23.1",
      "resolved": "https://registry.npmjs.org/@esbuild/sunos-x64/-/sunos-x64-0.23.1.tgz",
      "integrity": "sha512-RBRT2gqEl0IKQABT4XTj78tpk9v7ehp+mazn2HbUeZl1YMdaGAQqhapjGTCe7uw7y0frDi4gS0uHzhvpFuI1sA==",
      "optional": true
    },
    "@esbuild/win32-arm64": {
      "version": "0.23.1",
      "resolved": "https://registry.npmjs.org/@esbuild/win32-arm64/-/win32-arm64-0.23.1.tgz",
      "integrity": "sha512-4O+gPR5rEBe2FpKOVyiJ7wNDPA8nGzDuJ6gN4okSA1gEOYZ67N8JPk58tkWtdtPeLz7lBnY6I5L3jdsr3S+A6A==",
      "optional": true
    },
    "@esbuild/win32-ia32": {
      "version": "0.23.1",
      "resolved": "https://registry.npmjs.org/@esbuild/win32-ia32/-/win32-ia32-0.23.1.tgz",
      "integrity": "sha512-BcaL0Vn6QwCwre3Y717nVHZbAa4UBEigzFm6VdsVdT/MbZ38xoj1X9HPkZhbmaBGUD1W8vxAfffbDe8bA6AKnQ==",
      "optional": true
    },
    "@esbuild/win32-x64": {
      "version": "0.23.1",
      "resolved": "https://registry.npmjs.org/@esbuild/win32-x64/-/win32-x64-0.23.1.tgz",
      "integrity": "sha512-BHpFFeslkWrXWyUPnbKm+xYYVYruCinGcftSBaa8zoF9hZO4BcSCFUvHVTtzpIY6YzUnYtuEhZ+C9iEXjxnasg==",
      "optional": true
    },
    "@types/node": {
      "version": "18.17.15",
      "resolved": "https://registry.npmjs.org/@types/node/-/node-18.17.15.tgz",
      "integrity": "sha512-2yrWpBk32tvV/JAd3HNHWuZn/VDN1P+72hWirHnvsvTGSqbANi+kSeuQR9yAHnbvaBvHDsoTdXV0Fe+iRtHLKA==",
      "dev": true
    },
    "@xmldom/xmldom": {
      "version": "0.8.10",
      "resolved": "https://registry.npmjs.org/@xmldom/xmldom/-/xmldom-0.8.10.tgz",
      "integrity": "sha512-2WALfTl4xo2SkGCYRt6rDTFfk9R1czmBvUQy12gK2KuRKIpWEhcbbzy8EZXtz/jkRqHX8bFEc6FC1HjX4TUWYw=="
    },
    "agent-base": {
      "version": "6.0.2",
      "resolved": "https://registry.npmjs.org/agent-base/-/agent-base-6.0.2.tgz",
      "integrity": "sha512-RZNwNclF7+MS/8bDg70amg32dyeZGZxiDuQmZxKLAlQjr3jGyLx+4Kkk58UO7D2QdgFIQCovuSuZESne6RG6XQ==",
      "requires": {
        "debug": "4"
      }
    },
    "audio-type": {
      "version": "1.0.2",
      "resolved": "https://registry.npmjs.org/audio-type/-/audio-type-1.0.2.tgz",
      "integrity": "sha512-vEbOFc2+he+/b5tLmnBINnHUYb3GDzW5tNPa9DHdyKdyLxO0w3V1Dtr9wjLswPXByCCt9uTRu6IzHZ/J/Om4uw==",
      "requires": {
        "is-flac": "^1.1.0",
        "is-m4a": "^1.1.0",
        "is-mp3": "^1.1.0",
        "is-ogg": "^1.1.0",
        "is-wav": "^1.1.0",
        "read-chunk": "^2.0.0"
      }
    },
    "bent": {
      "version": "7.3.12",
      "resolved": "https://registry.npmjs.org/bent/-/bent-7.3.12.tgz",
      "integrity": "sha512-T3yrKnVGB63zRuoco/7Ybl7BwwGZR0lceoVG5XmQyMIH9s19SV5m+a8qam4if0zQuAmOQTyPTPmsQBdAorGK3w==",
      "requires": {
        "bytesish": "^0.4.1",
        "caseless": "~0.12.0",
        "is-stream": "^2.0.0"
      }
    },
    "biquad-coeffs-webaudio": {
      "version": "1.2.0",
      "resolved": "https://registry.npmjs.org/biquad-coeffs-webaudio/-/biquad-coeffs-webaudio-1.2.0.tgz",
      "integrity": "sha512-wLvCRy6dt5/KJBiViyzqFn2zf/mQnXvSfUbAXnD1U2sC+AG3AQY29N3dHJgnoDBytQMcjkuYguV/90m0BTcUOg==",
      "requires": {
        "biquad-coeffs-webaudio-v2": "^1.2.0"
      }
    },
    "biquad-coeffs-webaudio-v1": {
      "version": "1.2.0",
      "resolved": "https://registry.npmjs.org/biquad-coeffs-webaudio-v1/-/biquad-coeffs-webaudio-v1-1.2.0.tgz",
      "integrity": "sha512-ozb34pekehZ8XmQFv4se+osI4GZYICOxkjgfD3YG0uxfvWmbZp4FSInNBZfTDTam7Sd3Chq2exlqasX+df14Tg=="
    },
    "biquad-coeffs-webaudio-v2": {
      "version": "1.2.0",
      "resolved": "https://registry.npmjs.org/biquad-coeffs-webaudio-v2/-/biquad-coeffs-webaudio-v2-1.2.0.tgz",
      "integrity": "sha512-xdK2tWv6AKab8sqnCgFBleJaxOHpW1HeY2tManUU2bpYYJFE2xhNHVVmKhroXZq2lfy7rjNNJOHK4Gm2y7LgIQ==",
      "requires": {
        "biquad-coeffs-webaudio-v1": "^1.2.0"
      }
    },
    "bytesish": {
      "version": "0.4.4",
      "resolved": "https://registry.npmjs.org/bytesish/-/bytesish-0.4.4.tgz",
      "integrity": "sha512-i4uu6M4zuMUiyfZN4RU2+i9+peJh//pXhd9x1oSe1LBkZ3LEbCoygu8W0bXTukU1Jme2txKuotpCZRaC3FLxcQ=="
    },
    "caseless": {
      "version": "0.12.0",
      "resolved": "https://registry.npmjs.org/caseless/-/caseless-0.12.0.tgz",
      "integrity": "sha512-4tYFyifaFfGacoiObjJegolkwSU4xQNGbVgUiNYVUxbQ2x2lUsFvY4hVgVzGiIe6WLOPqycWXA40l+PWsxthUw=="
    },
    "debug": {
      "version": "4.3.4",
      "resolved": "https://registry.npmjs.org/debug/-/debug-4.3.4.tgz",
      "integrity": "sha512-PRWFHuSU3eDtQJPvnNY7Jcket1j0t5OuOsFzPPzsekD52Zl8qUfFIPEiswXqIvHWGVHOgX+7G/vCNNhehwxfkQ==",
      "requires": {
        "ms": "2.1.2"
      }
    },
    "esbuild": {
      "version": "0.23.1",
      "resolved": "https://registry.npmjs.org/esbuild/-/esbuild-0.23.1.tgz",
      "integrity": "sha512-VVNz/9Sa0bs5SELtn3f7qhJCDPCF5oMEl5cO9/SSinpE9hbPVvxbd572HH5AKiP7WD8INO53GgfDDhRjkylHEg==",
      "requires": {
        "@esbuild/aix-ppc64": "0.23.1",
        "@esbuild/android-arm": "0.23.1",
        "@esbuild/android-arm64": "0.23.1",
        "@esbuild/android-x64": "0.23.1",
        "@esbuild/darwin-arm64": "0.23.1",
        "@esbuild/darwin-x64": "0.23.1",
        "@esbuild/freebsd-arm64": "0.23.1",
        "@esbuild/freebsd-x64": "0.23.1",
        "@esbuild/linux-arm": "0.23.1",
        "@esbuild/linux-arm64": "0.23.1",
        "@esbuild/linux-ia32": "0.23.1",
        "@esbuild/linux-loong64": "0.23.1",
        "@esbuild/linux-mips64el": "0.23.1",
        "@esbuild/linux-ppc64": "0.23.1",
        "@esbuild/linux-riscv64": "0.23.1",
        "@esbuild/linux-s390x": "0.23.1",
        "@esbuild/linux-x64": "0.23.1",
        "@esbuild/netbsd-x64": "0.23.1",
        "@esbuild/openbsd-arm64": "0.23.1",
        "@esbuild/openbsd-x64": "0.23.1",
        "@esbuild/sunos-x64": "0.23.1",
        "@esbuild/win32-arm64": "0.23.1",
        "@esbuild/win32-ia32": "0.23.1",
        "@esbuild/win32-x64": "0.23.1"
      }
    },
    "fourier-transform": {
      "version": "1.1.2",
      "resolved": "https://registry.npmjs.org/fourier-transform/-/fourier-transform-1.1.2.tgz",
      "integrity": "sha512-TjdHddt7Wul3RXvm3O5euI64aAzUPhE1rqzuAFsIu7Puyny6CNLgL8bbKtYoIK71HSF90o+9WjUmRsXmYGYD0Q=="
    },
    "fsevents": {
      "version": "2.3.3",
      "resolved": "https://registry.npmjs.org/fsevents/-/fsevents-2.3.3.tgz",
      "integrity": "sha512-5xoDfX+fL7faATnagmWPpbFtwh/R77WmMMqqHGS65C3vvB0YHrgF+B1YmZ3441tMj5n63k0212XNoJwzlhffQw==",
      "optional": true
    },
    "get-tsconfig": {
      "version": "4.8.1",
      "resolved": "https://registry.npmjs.org/get-tsconfig/-/get-tsconfig-4.8.1.tgz",
      "integrity": "sha512-k9PN+cFBmaLWtVz29SkUoqU5O0slLuHJXt/2P+tMVFT+phsSGXGkp9t3rQIqdz0e+06EHNGs3oM6ZX1s2zHxRg==",
      "requires": {
        "resolve-pkg-maps": "^1.0.0"
      }
    },
    "https-proxy-agent": {
      "version": "4.0.0",
      "resolved": "https://registry.npmjs.org/https-proxy-agent/-/https-proxy-agent-4.0.0.tgz",
      "integrity": "sha512-zoDhWrkR3of1l9QAL8/scJZyLu8j/gBkcwcaQOZh7Gyh/+uJQzGVETdgT30akuwkpL8HTRfssqI3BZuV18teDg==",
      "requires": {
        "agent-base": "5",
        "debug": "4"
      },
      "dependencies": {
        "agent-base": {
          "version": "5.1.1",
          "resolved": "https://registry.npmjs.org/agent-base/-/agent-base-5.1.1.tgz",
          "integrity": "sha512-TMeqbNl2fMW0nMjTEPOwe3J/PRFP4vqeoNuQMG0HlMrtm5QxKqdvAkZ1pRBQ/ulIyDD5Yq0nJ7YbdD8ey0TO3g=="
        }
      }
    },
    "is-flac": {
      "version": "1.1.2",
      "resolved": "https://registry.npmjs.org/is-flac/-/is-flac-1.1.2.tgz",
      "integrity": "sha512-bMCyh610qy9IAHHHxqMskwTbTHipJLRdcjrNkQjlwMJgAiA5DyVkBXF545xX+n/PFdlmUtG/2wAEV4WmdiJyrQ=="
    },
    "is-m4a": {
      "version": "1.1.0",
      "resolved": "https://registry.npmjs.org/is-m4a/-/is-m4a-1.1.0.tgz",
      "integrity": "sha512-8LPSOaBA4OvJYlxVUMKGckZeoJxd0VhTqkb7noLdbcwGJCaYce6KC4GFTcK8H1rmUeXcLcH2ywODpVLJSIbLtg=="
    },
    "is-mp3": {
      "version": "1.1.3",
      "resolved": "https://registry.npmjs.org/is-mp3/-/is-mp3-1.1.3.tgz",
      "integrity": "sha512-s9jAf4qmxd8MCOE0BRLzs9uZMM+hWWkIHBkPFOLU5NPT0ooCOaINRQ8ePBKWsfh1jOZr7Y7zFXpWxtIKaJhn4w=="
    },
    "is-ogg": {
      "version": "1.1.2",
      "resolved": "https://registry.npmjs.org/is-ogg/-/is-ogg-1.1.2.tgz",
      "integrity": "sha512-5xNx56wkCD/WtIq2Ykzw6UhwtAEMT1+3II61wMEKgHjkCcEraCfOJi/XaOZWXMXVO+cvdhAHHBCaJHgx5xLagg=="
    },
    "is-stream": {
      "version": "2.0.1",
      "resolved": "https://registry.npmjs.org/is-stream/-/is-stream-2.0.1.tgz",
      "integrity": "sha512-hFoiJiTl63nn+kstHGBtewWSKnQLpyb155KHheA1l39uvtO9nWIop1p3udqPcUd/xbF1VLMO4n7OI6p7RbngDg=="
    },
    "is-wav": {
      "version": "1.1.2",
      "resolved": "https://registry.npmjs.org/is-wav/-/is-wav-1.1.2.tgz",
      "integrity": "sha512-gLOkWlnwd//lRpIhe2u3Ow3mMls/4DIvoLuXwfxpOd/JBuql099f0ZTxwxqHn9Lz+ZG+7ZIMKPyIKG3D7Fot7A=="
    },
    "microsoft-cognitiveservices-speech-sdk": {
      "version": "1.32.0",
      "resolved": "https://registry.npmjs.org/microsoft-cognitiveservices-speech-sdk/-/microsoft-cognitiveservices-speech-sdk-1.32.0.tgz",
      "integrity": "sha512-TQqCIytCvW7x8MB2UT8DfyZkIjO34CSpy0zYlbQChkYWrYNzGgMIAA3uTGuYGj8hb0xMQBwRfqyAc5sA2VRgjQ==",
      "requires": {
        "agent-base": "^6.0.1",
        "bent": "^7.3.12",
        "https-proxy-agent": "^4.0.0",
        "uuid": "^9.0.0",
        "ws": "^7.5.6"
      }
    },
    "ms": {
      "version": "2.1.2",
      "resolved": "https://registry.npmjs.org/ms/-/ms-2.1.2.tgz",
      "integrity": "sha512-sGkPx+VjMtmA6MX27oA4FBFELFCZZ4S4XqeGOXCv68tT+jb3vk/RyaKWP0PTKyWtmLSM0b+adUTEvbs1PEaH2w=="
    },
    "nmap": {
      "version": "1.1.0",
      "resolved": "https://registry.npmjs.org/nmap/-/nmap-1.1.0.tgz",
      "integrity": "sha512-Mczjm9cSruux65U7fh6mWiSEpfmqVZFY5M4zGXz5VBI9tSFqrdLSqegeqC/IiUDh8mbC8JUF948bJz1VogdVyQ=="
    },
    "pify": {
      "version": "3.0.0",
      "resolved": "https://registry.npmjs.org/pify/-/pify-3.0.0.tgz",
      "integrity": "sha512-C3FsVNH1udSEX48gGX1xfvwTWfsYWj5U+8/uK15BGzIGrKoUpghX8hWZwa/OFnakBiiVNmBvemTJR5mcy7iPcg=="
    },
    "read-chunk": {
      "version": "2.1.0",
      "resolved": "https://registry.npmjs.org/read-chunk/-/read-chunk-2.1.0.tgz",
      "integrity": "sha512-QQqB2O9KX/BnztP1xkTRsBxABcWHCXTqQYmEm/DdNId1nw+leKkZvV/g5oCKUrXolGtU3zouoIxMLToAYyDgDw==",
      "requires": {
        "pify": "^3.0.0",
        "safe-buffer": "^5.1.1"
      }
    },
    "resolve-pkg-maps": {
      "version": "1.0.0",
      "resolved": "https://registry.npmjs.org/resolve-pkg-maps/-/resolve-pkg-maps-1.0.0.tgz",
      "integrity": "sha512-seS2Tj26TBVOC2NIc2rOe2y2ZO7efxITtLZcGSOnHHNOQ7CkiUBfw0Iw2ck6xkIhPwLhKNLS8BO+hEpngQlqzw=="
    },
    "safe-buffer": {
      "version": "5.2.1",
      "resolved": "https://registry.npmjs.org/safe-buffer/-/safe-buffer-5.2.1.tgz",
      "integrity": "sha512-rp3So07KcdmmKbGvgaNxQSJr7bGVSVk5S9Eq1F+ppbRo70+YeaDxkw5Dd8NPN+GD6bjnYm2VuPuCXmpuYvmCXQ=="
    },
    "scijs-window-functions": {
      "version": "2.0.2",
      "resolved": "https://registry.npmjs.org/scijs-window-functions/-/scijs-window-functions-2.0.2.tgz",
      "integrity": "sha512-VpMbP/mqbwOqZgSdkNRQgn/0sPrx0r5yhG99lyenoYFaw45vKN3BmTLNSaTaEV7d7s6s8viSaKR4uhOa+lsbFg=="
    },
    "tsx": {
      "version": "4.19.2",
      "resolved": "https://registry.npmjs.org/tsx/-/tsx-4.19.2.tgz",
      "integrity": "sha512-pOUl6Vo2LUq/bSa8S5q7b91cgNSjctn9ugq/+Mvow99qW6x/UZYwzxy/3NmqoT66eHYfCVvFvACC58UBPFf28g==",
      "requires": {
        "esbuild": "~0.23.0",
        "fsevents": "~2.3.3",
        "get-tsconfig": "^4.7.5"
      }
    },
    "uuid": {
      "version": "9.0.1",
      "resolved": "https://registry.npmjs.org/uuid/-/uuid-9.0.1.tgz",
      "integrity": "sha512-b+1eJOlsR9K8HJpow9Ok3fiWOWSIcIzXodvv0rQjVoOVNpWMpxf1wZNpt4y9h10odCNrqnYp1OBzRktckBe3sA=="
    },
    "wav-decoder": {
      "version": "1.3.0",
      "resolved": "https://registry.npmjs.org/wav-decoder/-/wav-decoder-1.3.0.tgz",
      "integrity": "sha512-4U6O/JNb1dPO90CO2YMTQ5N2plJcntm39vNMvRq9VZ4Vy5FzS7Lnx95N2QcYUyKYcZfCbhI//W3dSHA8YnOQyQ=="
    },
    "wav-encoder": {
      "version": "1.3.0",
      "resolved": "https://registry.npmjs.org/wav-encoder/-/wav-encoder-1.3.0.tgz",
      "integrity": "sha512-FXJdEu2qDOI+wbVYZpu21CS1vPEg5NaxNskBr4SaULpOJMrLE6xkH8dECa7PiS+ZoeyvP7GllWUAxPN3AvFSEw=="
    },
    "web-audio-engine": {
      "version": "0.13.4",
      "resolved": "https://registry.npmjs.org/web-audio-engine/-/web-audio-engine-0.13.4.tgz",
      "integrity": "sha512-ZglW6UMlHXXzHhHiMjhr6qMT1Jwg9OydRo1lg6T864+SaoPUnJtvD6AW4uWa+Gl++Cw8CkpIk/5Arc5QiKugJA==",
      "requires": {
        "audio-type": "^1.0.2",
        "biquad-coeffs-webaudio": "^1.2.0",
        "fourier-transform": "^1.0.2",
        "nmap": "^1.1.0",
        "scijs-window-functions": "^2.0.2",
        "wav-decoder": "^1.1.0",
        "wav-encoder": "^1.1.0"
      }
    },
    "ws": {
      "version": "7.5.9",
      "resolved": "https://registry.npmjs.org/ws/-/ws-7.5.9.tgz",
      "integrity": "sha512-F+P9Jil7UiSKSkppIiD94dN07AwvFixvLIj1Og1Rl9GGMuNipJnV9JzjD6XuqmAeiswGvUmNLjr5cFuXwNS77Q==",
      "requires": {}
    }
  }
}
